
Microsoft Visual Studio Solution File, Format Version 12.00
# Visual Studio Version 17
VisualStudioVersion = 17.6.33723.286
MinimumVisualStudioVersion = 10.0.40219.1
Project("{9A19103F-16F7-4668-BE54-9A1E7A4F7556}") = "InvoiceManagementServer", "InvoiceManagementServer.csproj", "{56B58A08-3462-4574-A3AA-8D872A462D7C}"
EndProject
Project("{9A19103F-16F7-4668-BE54-9A1E7A4F7556}") = "Contracts", "..\Contracts\Contracts.csproj", "{B044CA89-7617-49F6-8B69-A20EEEBC1FFA}"
EndProject
Project("{9A19103F-16F7-4668-BE54-9A1E7A4F7556}") = "Entities", "..\Entities\Entities.csproj", "{0E479709-562E-42F2-8BD1-E546866953B8}"
EndProject
Project("{9A19103F-16F7-4668-BE54-9A1E7A4F7556}") = "Repository", "..\Repository\Repository.csproj", "{5E6E0477-E6AA-48C2-BB3A-B616CA688B5F}"
EndProject
Global
	GlobalSection(SolutionConfigurationPlatforms) = preSolution
		Debug|Any CPU = Debug|Any CPU
		Release|Any CPU = Release|Any CPU
	EndGlobalSection
	GlobalSection(ProjectConfigurationPlatforms) = postSolution
		{56B58A08-3462-4574-A3AA-8D872A462D7C}.Debug|Any CPU.ActiveCfg = Debug|Any CPU
		{56B58A08-3462-4574-A3AA-8D872A462D7C}.Debug|Any CPU.Build.0 = Debug|Any CPU
		{56B58A08-3462-4574-A3AA-8D872A462D7C}.Release|Any CPU.ActiveCfg = Release|Any CPU
		{56B58A08-3462-4574-A3AA-8D872A462D7C}.Release|Any CPU.Build.0 = Release|Any CPU
		{B044CA89-7617-49F6-8B69-A20EEEBC1FFA}.Debug|Any CPU.ActiveCfg = Debug|Any CPU
		{B044CA89-7617-49F6-8B69-A20EEEBC1FFA}.Debug|Any CPU.Build.0 = Debug|Any CPU
		{B044CA89-7617-49F6-8B69-A20EEEBC1FFA}.Release|Any CPU.ActiveCfg = Release|Any CPU
		{B044CA89-7617-49F6-8B69-A20EEEBC1FFA}.Release|Any CPU.Build.0 = Release|Any CPU
		{0E479709-562E-42F2-8BD1-E546866953B8}.Debug|Any CPU.ActiveCfg = Debug|Any CPU
		{0E479709-562E-42F2-8BD1-E546866953B8}.Debug|Any CPU.Build.0 = Debug|Any CPU
		{0E479709-562E-42F2-8BD1-E546866953B8}.Release|Any CPU.ActiveCfg = Release|Any CPU
		{0E479709-562E-42F2-8BD1-E546866953B8}.Release|Any CPU.Build.0 = Release|Any CPU
		{5E6E0477-E6AA-48C2-BB3A-B616CA688B5F}.Debug|Any CPU.ActiveCfg = Debug|Any CPU
		{5E6E0477-E6AA-48C2-BB3A-B616CA688B5F}.Debug|Any CPU.Build.0 = Debug|Any CPU
		{5E6E0477-E6AA-48C2-BB3A-B616CA688B5F}.Release|Any CPU.ActiveCfg = Release|Any CPU
		{5E6E0477-E6AA-48C2-BB3A-B616CA688B5F}.Release|Any CPU.Build.0 = Release|Any CPU
	EndGlobalSection
	GlobalSection(SolutionProperties) = preSolution
		HideSolutionNode = FALSE
	EndGlobalSection
	GlobalSection(ExtensibilityGlobals) = postSolution
		SolutionGuid = {D9F50C5E-2FAD-4742-84D1-FEE7B4D79D44}
	EndGlobalSection
EndGlobal
